{
  "name": "json-sorter",
  "version": "1.0.1",
  "lockfileVersion": 1,
  "requires": true,
  "dependencies": {
    "json-keys-sort": {
      "version": "2.1.0",
      "resolved": "https://registry.npmjs.org/json-keys-sort/-/json-keys-sort-2.1.0.tgz",
      "integrity": "sha512-Xo8Ep77w1K+GZ2DZ7S74Pyjlgqr3RP2tgFPDinwl5Z6YOculeDUJKosPScNzEZkhCvDD4W81r3qY7cWN+n98RQ=="
    }
  }
}
